
Microsoft Visual Studio Solution File, Format Version 12.00
# Visual Studio Version 17
VisualStudioVersion = 17.9.34622.214
MinimumVisualStudioVersion = 10.0.40219.1
Project("{FAE04EC0-301F-11D3-BF4B-00C04F79EFBC}") = "MvcProje", "MvcProje\MvcProje.csproj", "{BF7FC54C-440D-4467-BE28-D7E5ABDF9ED6}"
EndProject
Global
	GlobalSection(SolutionConfigurationPlatforms) = preSolution
		Debug|Any CPU = Debug|Any CPU
		Release|Any CPU = Release|Any CPU
	EndGlobalSection
	GlobalSection(ProjectConfigurationPlatforms) = postSolution
		{BF7FC54C-440D-4467-BE28-D7E5ABDF9ED6}.Debug|Any CPU.ActiveCfg = Debug|Any CPU
		{BF7FC54C-440D-4467-BE28-D7E5ABDF9ED6}.Debug|Any CPU.Build.0 = Debug|Any CPU
		{BF7FC54C-440D-4467-BE28-D7E5ABDF9ED6}.Release|Any CPU.ActiveCfg = Release|Any CPU
		{BF7FC54C-440D-4467-BE28-D7E5ABDF9ED6}.Release|Any CPU.Build.0 = Release|Any CPU
	EndGlobalSection
	GlobalSection(SolutionProperties) = preSolution
		HideSolutionNode = FALSE
	EndGlobalSection
	GlobalSection(ExtensibilityGlobals) = postSolution
		SolutionGuid = {AE81A23B-0B01-4756-B106-39BB1A98554D}
	EndGlobalSection
EndGlobal
